
Microsoft Visual Studio Solution File, Format Version 12.00
# Visual Studio Version 17
VisualStudioVersion = 17.7.34024.191
MinimumVisualStudioVersion = 10.0.40219.1
Project("{9A19103F-16F7-4668-BE54-9A1E7A4F7556}") = "StudentHouseProject", "StudentHouseProject\StudentHouseProject.csproj", "{7E282004-0319-4EFC-820B-5F74DA816D91}"
EndProject
Project("{9A19103F-16F7-4668-BE54-9A1E7A4F7556}") = "DataAccessObjects", "DataAccessObjects\DataAccessObjects.csproj", "{C7D90E3B-ABBF-459F-B169-5A6F988F447F}"
EndProject
Project("{9A19103F-16F7-4668-BE54-9A1E7A4F7556}") = "Repositories", "Repositories\Repositories.csproj", "{4E431560-7485-4A66-81BA-66503E3D1FAB}"
EndProject
Project("{9A19103F-16F7-4668-BE54-9A1E7A4F7556}") = "BusinessObjects", "BusinessObjects\BusinessObjects.csproj", "{4036A0AE-8F72-4460-9924-CCC241DE19C5}"
EndProject
Project("{2150E333-8FDC-42A3-9474-1A3956D46DE8}") = "Presentation Layer", "Presentation Layer", "{75512C4B-E0AF-407A-BA7D-2AF909F29A06}"
EndProject
Project("{2150E333-8FDC-42A3-9474-1A3956D46DE8}") = "Business Layer", "Business Layer", "{95926BC4-C0F8-4CD1-8165-12E6E0D67462}"
EndProject
Project("{2150E333-8FDC-42A3-9474-1A3956D46DE8}") = "Data Layer", "Data Layer", "{6EA7D0FE-1C8A-426F-BC77-D03FA9764AA2}"
EndProject
Global
	GlobalSection(SolutionConfigurationPlatforms) = preSolution
		Debug|Any CPU = Debug|Any CPU
		Release|Any CPU = Release|Any CPU
	EndGlobalSection
	GlobalSection(ProjectConfigurationPlatforms) = postSolution
		{7E282004-0319-4EFC-820B-5F74DA816D91}.Debug|Any CPU.ActiveCfg = Debug|Any CPU
		{7E282004-0319-4EFC-820B-5F74DA816D91}.Debug|Any CPU.Build.0 = Debug|Any CPU
		{7E282004-0319-4EFC-820B-5F74DA816D91}.Release|Any CPU.ActiveCfg = Release|Any CPU
		{7E282004-0319-4EFC-820B-5F74DA816D91}.Release|Any CPU.Build.0 = Release|Any CPU
		{C7D90E3B-ABBF-459F-B169-5A6F988F447F}.Debug|Any CPU.ActiveCfg = Debug|Any CPU
		{C7D90E3B-ABBF-459F-B169-5A6F988F447F}.Debug|Any CPU.Build.0 = Debug|Any CPU
		{C7D90E3B-ABBF-459F-B169-5A6F988F447F}.Release|Any CPU.ActiveCfg = Release|Any CPU
		{C7D90E3B-ABBF-459F-B169-5A6F988F447F}.Release|Any CPU.Build.0 = Release|Any CPU
		{4E431560-7485-4A66-81BA-66503E3D1FAB}.Debug|Any CPU.ActiveCfg = Debug|Any CPU
		{4E431560-7485-4A66-81BA-66503E3D1FAB}.Debug|Any CPU.Build.0 = Debug|Any CPU
		{4E431560-7485-4A66-81BA-66503E3D1FAB}.Release|Any CPU.ActiveCfg = Release|Any CPU
		{4E431560-7485-4A66-81BA-66503E3D1FAB}.Release|Any CPU.Build.0 = Release|Any CPU
		{4036A0AE-8F72-4460-9924-CCC241DE19C5}.Debug|Any CPU.ActiveCfg = Debug|Any CPU
		{4036A0AE-8F72-4460-9924-CCC241DE19C5}.Debug|Any CPU.Build.0 = Debug|Any CPU
		{4036A0AE-8F72-4460-9924-CCC241DE19C5}.Release|Any CPU.ActiveCfg = Release|Any CPU
		{4036A0AE-8F72-4460-9924-CCC241DE19C5}.Release|Any CPU.Build.0 = Release|Any CPU
	EndGlobalSection
	GlobalSection(SolutionProperties) = preSolution
		HideSolutionNode = FALSE
	EndGlobalSection
	GlobalSection(NestedProjects) = preSolution
		{7E282004-0319-4EFC-820B-5F74DA816D91} = {75512C4B-E0AF-407A-BA7D-2AF909F29A06}
		{C7D90E3B-ABBF-459F-B169-5A6F988F447F} = {6EA7D0FE-1C8A-426F-BC77-D03FA9764AA2}
		{4E431560-7485-4A66-81BA-66503E3D1FAB} = {6EA7D0FE-1C8A-426F-BC77-D03FA9764AA2}
		{4036A0AE-8F72-4460-9924-CCC241DE19C5} = {95926BC4-C0F8-4CD1-8165-12E6E0D67462}
	EndGlobalSection
	GlobalSection(ExtensibilityGlobals) = postSolution
		SolutionGuid = {404E4585-7C95-4957-91AD-B26B295163A0}
	EndGlobalSection
EndGlobal
